
Microsoft Visual Studio Solution File, Format Version 12.00
# Visual Studio Version 17
VisualStudioVersion = 17.10.34928.147
MinimumVisualStudioVersion = 10.0.40219.1
Project("{FAE04EC0-301F-11D3-BF4B-00C04F79EFBC}") = "interfacesfullprac", "interfacesfullprac\interfacesfullprac.csproj", "{BAAEE980-CF19-447E-AB55-056509ADBDBC}"
EndProject
Global
	GlobalSection(SolutionConfigurationPlatforms) = preSolution
		Debug|Any CPU = Debug|Any CPU
		Release|Any CPU = Release|Any CPU
	EndGlobalSection
	GlobalSection(ProjectConfigurationPlatforms) = postSolution
		{BAAEE980-CF19-447E-AB55-056509ADBDBC}.Debug|Any CPU.ActiveCfg = Debug|Any CPU
		{BAAEE980-CF19-447E-AB55-056509ADBDBC}.Debug|Any CPU.Build.0 = Debug|Any CPU
		{BAAEE980-CF19-447E-AB55-056509ADBDBC}.Release|Any CPU.ActiveCfg = Release|Any CPU
		{BAAEE980-CF19-447E-AB55-056509ADBDBC}.Release|Any CPU.Build.0 = Release|Any CPU
	EndGlobalSection
	GlobalSection(SolutionProperties) = preSolution
		HideSolutionNode = FALSE
	EndGlobalSection
	GlobalSection(ExtensibilityGlobals) = postSolution
		SolutionGuid = {74232D9F-940A-417C-AD35-54335E780FA9}
	EndGlobalSection
EndGlobal
